dependencies:
- name: bevel-storageclass
  repository: file://../../../shared/charts/bevel-storageclass
  version: 0.15.2
- name: besu-tlscert-gen
  repository: file://../besu-tlscert-gen
  version: 0.15.2
digest: sha256:ef64d378aa40d1a66db9e2782e49883f2b9cea979435570b5e165067a9c8e2fd
generated: "2023-12-28T13:58:43.047146546Z"
