dependencies:
- name: bevel-storageclass
  repository: https://sownak.github.io/bevel
  version: 0.15.2
- name: besu-tlscert-gen
  repository: https://sownak.github.io/bevel
  version: 0.15.2
digest: sha256:96944f2755c76d5f72f9ef10341dcbcc96e390fde998781fe7bd2efadae9ce58
generated: "2024-01-02T15:08:00.112437377Z"
