dependencies:
- name: bevel-storageclass
  repository: file://../../../shared/charts/bevel-storageclass
  version: 0.15.2
- name: besu-tessera-node
  repository: file://../besu-tessera-node
  version: 0.15.3
digest: sha256:c7b3ac9b51366193452f7ec04d2d2d8817a89ca1ed74891c43ead1d7a6de9f6e
generated: "2023-12-27T16:28:50.487526498Z"
