dependencies:
- name: bevel-vault-mgmt
  repository: file://../../../shared/charts/bevel-vault-mgmt
  version: 0.15.4
- name: bevel-scripts
  repository: https://sownak.github.io/bevel
  version: 0.15.1
digest: sha256:81e4cec43f6ba2f92796b6db0078f235afdefa49120d17d5bce5ebe200c10d4e
generated: "2023-12-19T10:22:52.96023885Z"
