dependencies:
- name: bevel-vault-mgmt
  repository: file://../../../shared/charts/bevel-vault-mgmt
  version: 0.15.6
- name: bevel-scripts
  repository: file://../../../shared/charts/bevel-scripts
  version: 0.15.2
digest: sha256:82aa78781930c4d3d4725edbff4eef7e080db2c34fe04e9b5c105713333d5803
generated: "2024-01-02T10:22:43.025490881Z"
